
Microsoft Visual Studio Solution File, Format Version 12.00
# Visual Studio Version 17
VisualStudioVersion = 17.10.35013.160
MinimumVisualStudioVersion = 10.0.40219.1
Project("{FAE04EC0-301F-11D3-BF4B-00C04F79EFBC}") = "ScreenSound", "ScreenSound\ScreenSound.csproj", "{97B0C64A-0528-426B-B1BE-77396DFC1974}"
EndProject
Global
	GlobalSection(SolutionConfigurationPlatforms) = preSolution
		Debug|Any CPU = Debug|Any CPU
		Release|Any CPU = Release|Any CPU
	EndGlobalSection
	GlobalSection(ProjectConfigurationPlatforms) = postSolution
		{97B0C64A-0528-426B-B1BE-77396DFC1974}.Debug|Any CPU.ActiveCfg = Debug|Any CPU
		{97B0C64A-0528-426B-B1BE-77396DFC1974}.Debug|Any CPU.Build.0 = Debug|Any CPU
		{97B0C64A-0528-426B-B1BE-77396DFC1974}.Release|Any CPU.ActiveCfg = Release|Any CPU
		{97B0C64A-0528-426B-B1BE-77396DFC1974}.Release|Any CPU.Build.0 = Release|Any CPU
	EndGlobalSection
	GlobalSection(SolutionProperties) = preSolution
		HideSolutionNode = FALSE
	EndGlobalSection
	GlobalSection(ExtensibilityGlobals) = postSolution
		SolutionGuid = {5E2E9F5A-F30F-4638-80D4-B91046AEC648}
	EndGlobalSection
EndGlobal
